{
    "_meta": {
        "hash": {
            "sha256": "a624c44acd378633b19bd4d3f1e536f1a2963b2792603ba4fd8bce62b4981b1e"
        },
        "pipfile-spec": 6,
        "requires": {
            "python_version": "3.13"
        },
        "sources": [
            {
                "name": "pypi",
                "url": "https://pypi.org/simple",
                "verify_ssl": true
            }
        ]
    },
    "default": {
        "asgiref": {
            "hashes": [],
            "version": "==3.12.1"
        },
        "django": {
            "hashes": [],
            "version": "==6.1"
        },
        "iniconfig": {
            "hashes": [],
            "version": "==2.3.0"
        },
        "packaging": {
            "hashes": [],
            "version": "==26.3"
        },
        "pluggy": {
            "hashes": [],
            "version": "==1.6.0"
        },
        "pytest": {
            "hashes": [],
            "version": "==9.1.1"
        },
        "pytest-django": {
            "hashes": [],
            "version": "==4.14.0"
        },
        "sqlparse": {
            "hashes": [],
            "version": "==0.6.0"
        }
    },
    "develop": {
        "certifi": {
            "hashes": [],
            "version": "==2026.7.22"
        },
        "charset-normalizer": {
            "hashes": [],
            "version": "==3.5.1"
        },
        "codecov": {
            "hashes": [
                "sha256:2362b685633caeaf45b9951a9b76ce359cd3581dd515b430c6c3f5dfb4d92a8c",
                "sha256:7d2b16c1153d01579a89a94ff14f9dbeb63634ee79e18c11036f34e7de66cbc9",
                "sha256:c2ca5e51bba9ebb43644c43d0690148a55086f7f5e6fd36170858fa4206744d5"
            ],
            "index": "pypi",
            "markers": "python_version >= '2.7' and python_version not in '3.0, 3.1, 3.2, 3.3'",
            "version": "==2.1.13"
        },
        "coverage": {
            "hashes": [],
            "version": "==7.15.4"
        },
        "flake8": {
            "hashes": [],
            "version": "==7.3.0"
        },
        "idna": {
            "hashes": [],
            "version": "==3.19"
        },
        "iniconfig": {
            "hashes": [],
            "version": "==2.3.0"
        },
        "mccabe": {
            "hashes": [
                "sha256:348e0240c33b60bbdf4e523192ef919f28cb2c3d7d5c7794f74009290f236325",
                "sha256:6c2d30ab6be0e4a46919781807b4f0d834ebdd6c6e3dca0bda5a15f863427b6e"
            ],
            "markers": "python_version >= '3.6'",
            "version": "==0.7.0"
        },
        "packaging": {
            "hashes": [],
            "version": "==26.3"
        },
        "pluggy": {
            "hashes": [],
            "version": "==1.6.0"
        },
        "pycodestyle": {
            "hashes": [],
            "version": "==2.14.0"
        },
        "pyflakes": {
            "hashes": [],
            "version": "==3.4.0"
        },
        "pytest": {
            "hashes": [],
            "version": "==9.1.1"
        },
        "pytest-cov": {
            "hashes": [],
            "version": "==7.1.0"
        },
        "requests": {
            "hashes": [],
            "version": "==2.34.2"
        },
        "urllib3": {
            "hashes": [],
            "version": "==2.7.0"
        }
    }
}
