{
    "_meta": {
        "hash": {
            "sha256": "a624c44acd378633b19bd4d3f1e536f1a2963b2792603ba4fd8bce62b4981b1e"
        },
        "pipfile-spec": 6,
        "requires": {
            "python_version": "3.13"
        },
        "sources": [
            {
                "name": "pypi",
                "url": "https://pypi.org/simple",
                "verify_ssl": true
            }
        ]
    },
    "default": {
        "asgiref": {
            "hashes": [],
            "version": "==3.11.1"
        },
        "django": {
            "hashes": [],
            "version": "==6.0.4"
        },
        "iniconfig": {
            "hashes": [],
            "version": "==2.3.0"
        },
        "packaging": {
            "hashes": [],
            "version": "==26.1"
        },
        "pluggy": {
            "hashes": [],
            "version": "==1.6.0"
        },
        "pytest": {
            "hashes": [],
            "version": "==9.0.3"
        },
        "pytest-django": {
            "hashes": [],
            "version": "==4.12.0"
        },
        "sqlparse": {
            "hashes": [],
            "version": "==0.5.5"
        }
    },
    "develop": {
        "certifi": {
            "hashes": [],
            "version": "==2026.2.25"
        },
        "charset-normalizer": {
            "hashes": [],
            "version": "==3.4.7"
        },
        "codecov": {
            "hashes": [
                "sha256:2362b685633caeaf45b9951a9b76ce359cd3581dd515b430c6c3f5dfb4d92a8c",
                "sha256:7d2b16c1153d01579a89a94ff14f9dbeb63634ee79e18c11036f34e7de66cbc9",
                "sha256:c2ca5e51bba9ebb43644c43d0690148a55086f7f5e6fd36170858fa4206744d5"
            ],
            "index": "pypi",
            "markers": "python_version >= '2.7' and python_version not in '3.0, 3.1, 3.2, 3.3'",
            "version": "==2.1.13"
        },
        "coverage": {
            "hashes": [],
            "version": "==7.13.5"
        },
        "flake8": {
            "hashes": [],
            "version": "==7.3.0"
        },
        "idna": {
            "hashes": [],
            "version": "==3.12"
        },
        "iniconfig": {
            "hashes": [],
            "version": "==2.3.0"
        },
        "mccabe": {
            "hashes": [
                "sha256:348e0240c33b60bbdf4e523192ef919f28cb2c3d7d5c7794f74009290f236325",
                "sha256:6c2d30ab6be0e4a46919781807b4f0d834ebdd6c6e3dca0bda5a15f863427b6e"
            ],
            "markers": "python_version >= '3.6'",
            "version": "==0.7.0"
        },
        "packaging": {
            "hashes": [],
            "version": "==26.1"
        },
        "pluggy": {
            "hashes": [],
            "version": "==1.6.0"
        },
        "pycodestyle": {
            "hashes": [],
            "version": "==2.14.0"
        },
        "pyflakes": {
            "hashes": [],
            "version": "==3.4.0"
        },
        "pytest": {
            "hashes": [],
            "version": "==9.0.3"
        },
        "pytest-cov": {
            "hashes": [],
            "version": "==7.1.0"
        },
        "requests": {
            "hashes": [
                "sha256:55365417734eb18255590a9ff9eb97e9e1da868d4ccd6402399eaf68af20a760",
                "sha256:70761cfe03c773ceb22aa2f671b4757976145175cdfca038c02654d061d6dcc6"
            ],
            "markers": "python_version >= '3.8'",
            "version": "==2.32.3"
        },
        "urllib3": {
            "hashes": [
                "sha256:a448b2f64d686155468037e1ace9f2d2199776e17f0a46610480d311f73e3472",
                "sha256:dd505485549a7a552833da5e6063639d0d177c04f23bc3864e41e5dc5f612168"
            ],
            "markers": "python_version >= '3.8'",
            "version": "==2.2.2"
        }
    }
}
